{
  "requires": true,
  "lockfileVersion": 1,
  "dependencies": {
    "react-native-timeline-listview": {
      "version": "0.2.3",
      "resolved": "https://registry.npmjs.org/react-native-timeline-listview/-/react-native-timeline-listview-0.2.3.tgz",
      "integrity": "sha1-5Gt/D9LCIGMp7uYZR5XgOJmv6II="
    }
  }
}
